
Microsoft Visual Studio Solution File, Format Version 12.00
# Visual Studio Version 16
VisualStudioVersion = 16.0.31019.35
MinimumVisualStudioVersion = 10.0.40219.1
Project("{FAE04EC0-301F-11D3-BF4B-00C04F79EFBC}") = "Functions.API", "Functions.API\Functions.API.csproj", "{EE1DD0F9-BFE1-478C-8EA9-411E81D1DF55}"
EndProject
Project("{FAE04EC0-301F-11D3-BF4B-00C04F79EFBC}") = "Functions.Core", "Functions.Core\Functions.Core.csproj", "{C88FBE5E-A3AE-4F93-AF15-74DF09D1BFA7}"
EndProject
Project("{FAE04EC0-301F-11D3-BF4B-00C04F79EFBC}") = "Functions.Infra", "Functions.Infra\Functions.Infra.csproj", "{FA94B564-AC20-4ECB-87E2-E3176C5DF878}"
EndProject
Global
	GlobalSection(SolutionConfigurationPlatforms) = preSolution
		Debug|Any CPU = Debug|Any CPU
		Release|Any CPU = Release|Any CPU
	EndGlobalSection
	GlobalSection(ProjectConfigurationPlatforms) = postSolution
		{EE1DD0F9-BFE1-478C-8EA9-411E81D1DF55}.Debug|Any CPU.ActiveCfg = Debug|Any CPU
		{EE1DD0F9-BFE1-478C-8EA9-411E81D1DF55}.Debug|Any CPU.Build.0 = Debug|Any CPU
		{EE1DD0F9-BFE1-478C-8EA9-411E81D1DF55}.Release|Any CPU.ActiveCfg = Release|Any CPU
		{EE1DD0F9-BFE1-478C-8EA9-411E81D1DF55}.Release|Any CPU.Build.0 = Release|Any CPU
		{C88FBE5E-A3AE-4F93-AF15-74DF09D1BFA7}.Debug|Any CPU.ActiveCfg = Debug|Any CPU
		{C88FBE5E-A3AE-4F93-AF15-74DF09D1BFA7}.Debug|Any CPU.Build.0 = Debug|Any CPU
		{C88FBE5E-A3AE-4F93-AF15-74DF09D1BFA7}.Release|Any CPU.ActiveCfg = Release|Any CPU
		{C88FBE5E-A3AE-4F93-AF15-74DF09D1BFA7}.Release|Any CPU.Build.0 = Release|Any CPU
		{FA94B564-AC20-4ECB-87E2-E3176C5DF878}.Debug|Any CPU.ActiveCfg = Debug|Any CPU
		{FA94B564-AC20-4ECB-87E2-E3176C5DF878}.Debug|Any CPU.Build.0 = Debug|Any CPU
		{FA94B564-AC20-4ECB-87E2-E3176C5DF878}.Release|Any CPU.ActiveCfg = Release|Any CPU
		{FA94B564-AC20-4ECB-87E2-E3176C5DF878}.Release|Any CPU.Build.0 = Release|Any CPU
	EndGlobalSection
	GlobalSection(SolutionProperties) = preSolution
		HideSolutionNode = FALSE
	EndGlobalSection
	GlobalSection(ExtensibilityGlobals) = postSolution
		SolutionGuid = {9931930E-07DF-408E-B909-DD6B4D42CF95}
	EndGlobalSection
EndGlobal
